
Microsoft Visual Studio Solution File, Format Version 12.00
# Visual Studio Version 16
VisualStudioVersion = 16.0.31313.79
MinimumVisualStudioVersion = 10.0.40219.1
Project("{FAE04EC0-301F-11D3-BF4B-00C04F79EFBC}") = "SmsService", "SmsService\SmsService.csproj", "{F7ACCB1C-2789-4823-B54A-53A5599C1A13}"
EndProject
Project("{FAE04EC0-301F-11D3-BF4B-00C04F79EFBC}") = "WebApplication1", "WebApplication1\WebApplication1.csproj", "{FECDF5BB-98A8-4A57-81A7-B66B77090013}"
EndProject
Global
	GlobalSection(SolutionConfigurationPlatforms) = preSolution
		Debug|Any CPU = Debug|Any CPU
		Release|Any CPU = Release|Any CPU
	EndGlobalSection
	GlobalSection(ProjectConfigurationPlatforms) = postSolution
		{F7ACCB1C-2789-4823-B54A-53A5599C1A13}.Debug|Any CPU.ActiveCfg = Debug|Any CPU
		{F7ACCB1C-2789-4823-B54A-53A5599C1A13}.Debug|Any CPU.Build.0 = Debug|Any CPU
		{F7ACCB1C-2789-4823-B54A-53A5599C1A13}.Release|Any CPU.ActiveCfg = Release|Any CPU
		{F7ACCB1C-2789-4823-B54A-53A5599C1A13}.Release|Any CPU.Build.0 = Release|Any CPU
		{FECDF5BB-98A8-4A57-81A7-B66B77090013}.Debug|Any CPU.ActiveCfg = Debug|Any CPU
		{FECDF5BB-98A8-4A57-81A7-B66B77090013}.Debug|Any CPU.Build.0 = Debug|Any CPU
		{FECDF5BB-98A8-4A57-81A7-B66B77090013}.Release|Any CPU.ActiveCfg = Release|Any CPU
		{FECDF5BB-98A8-4A57-81A7-B66B77090013}.Release|Any CPU.Build.0 = Release|Any CPU
	EndGlobalSection
	GlobalSection(SolutionProperties) = preSolution
		HideSolutionNode = FALSE
	EndGlobalSection
	GlobalSection(ExtensibilityGlobals) = postSolution
		SolutionGuid = {06EC6273-7684-4CB0-A7F7-4ACCBCA0C11E}
	EndGlobalSection
EndGlobal
